# THIS IS AN AUTOGENERATED FILE. DO NOT EDIT THIS FILE DIRECTLY.
# yarn lockfile v1


active-x-obfuscator@0.0.1:
  version "0.0.1"
  resolved "https://registry.yarnpkg.com/active-x-obfuscator/-/active-x-obfuscator-0.0.1.tgz#089b89b37145ff1d9ec74af6530be5526cae1f1a"
  dependencies:
    zeparser "0.0.5"

base64id@0.1.0:
  version "0.1.0"
  resolved "https://registry.yarnpkg.com/base64id/-/base64id-0.1.0.tgz#02ce0fdeee0cef4f40080e1e73e834f0b1bfce3f"

commander@^2.7.1:
  version "2.11.0"
  resolved "https://registry.yarnpkg.com/commander/-/commander-2.11.0.tgz#157152fd1e7a6c8d98a5b715cf376df928004563"

commander@~2.1.0:
  version "2.1.0"
  resolved "https://registry.yarnpkg.com/commander/-/commander-2.1.0.tgz#d121bbae860d9992a3d517ba96f56588e47c6781"

core-util-is@~1.0.0:
  version "1.0.2"
  resolved "https://registry.yarnpkg.com/core-util-is/-/core-util-is-1.0.2.tgz#b5fd54220aa2bc5ab57aab7140c940754503c1a7"

inherits@^2.0.1, inherits@~2.0.3:
  version "2.0.3"
  resolved "https://registry.yarnpkg.com/inherits/-/inherits-2.0.3.tgz#633c2c83e3da42a502f52466022480f4208261de"

isarray@~1.0.0:
  version "1.0.0"
  resolved "https://registry.yarnpkg.com/isarray/-/isarray-1.0.0.tgz#bb935d48582cba168c06834957a54a3e07124f11"

lodash.get@^4.0.0:
  version "4.4.2"
  resolved "https://registry.yarnpkg.com/lodash.get/-/lodash.get-4.4.2.tgz#2d177f652fa31e939b4438d5341499dfa3825e99"

lodash.isequal@^4.0.0:
  version "4.5.0"
  resolved "https://registry.yarnpkg.com/lodash.isequal/-/lodash.isequal-4.5.0.tgz#415c4478f2bcc30120c22ce10ed3226f7d3e18e0"

multistream@^2.1.0:
  version "2.1.0"
  resolved "https://registry.yarnpkg.com/multistream/-/multistream-2.1.0.tgz#625c267d5c44424ad6294788b5bb4da3dcb32f1d"
  dependencies:
    inherits "^2.0.1"
    readable-stream "^2.0.5"

nan@~1.0.0:
  version "1.0.0"
  resolved "https://registry.yarnpkg.com/nan/-/nan-1.0.0.tgz#ae24f8850818d662fcab5acf7f3b95bfaa2ccf38"

options@>=0.0.5:
  version "0.0.6"
  resolved "https://registry.yarnpkg.com/options/-/options-0.0.6.tgz#ec22d312806bb53e731773e7cdaefcf1c643128f"

policyfile@0.0.4:
  version "0.0.4"
  resolved "https://registry.yarnpkg.com/policyfile/-/policyfile-0.0.4.tgz#d6b82ead98ae79ebe228e2daf5903311ec982e4d"

process-nextick-args@~1.0.6:
  version "1.0.7"
  resolved "https://registry.yarnpkg.com/process-nextick-args/-/process-nextick-args-1.0.7.tgz#150e20b756590ad3f91093f25a4f2ad8bff30ba3"

readable-stream@^2.0.5:
  version "2.3.3"
  resolved "https://registry.yarnpkg.com/readable-stream/-/readable-stream-2.3.3.tgz#368f2512d79f9d46fdfc71349ae7878bbc1eb95c"
  dependencies:
    core-util-is "~1.0.0"
    inherits "~2.0.3"
    isarray "~1.0.0"
    process-nextick-args "~1.0.6"
    safe-buffer "~5.1.1"
    string_decoder "~1.0.3"
    util-deprecate "~1.0.1"

redis@0.7.3:
  version "0.7.3"
  resolved "https://registry.yarnpkg.com/redis/-/redis-0.7.3.tgz#ee57b7a44d25ec1594e44365d8165fa7d1d4811a"

safe-buffer@~5.1.0, safe-buffer@~5.1.1:
  version "5.1.1"
  resolved "https://registry.yarnpkg.com/safe-buffer/-/safe-buffer-5.1.1.tgz#893312af69b2123def71f57889001671eeb2c853"

slug@0.8.x:
  version "0.8.0"
  resolved "https://registry.yarnpkg.com/slug/-/slug-0.8.0.tgz#6ca45b836d03abdd54b7372f1f89c9bf8d902cf8"
  dependencies:
    unicode ">= 0.3.1"

socket.io-client@0.9.16:
  version "0.9.16"
  resolved "https://registry.yarnpkg.com/socket.io-client/-/socket.io-client-0.9.16.tgz#4da7515c5e773041d1b423970415bcc430f35fc6"
  dependencies:
    active-x-obfuscator "0.0.1"
    uglify-js "1.2.5"
    ws "0.4.x"
    xmlhttprequest "1.4.2"

socket.io@^0.9.19:
  version "0.9.19"
  resolved "https://registry.yarnpkg.com/socket.io/-/socket.io-0.9.19.tgz#490bb5fd0dc54cf002ee04e67fadfc43b848a38f"
  dependencies:
    base64id "0.1.0"
    policyfile "0.0.4"
    socket.io-client "0.9.16"
  optionalDependencies:
    redis "0.7.3"

string_decoder@~1.0.3:
  version "1.0.3"
  resolved "https://registry.yarnpkg.com/string_decoder/-/string_decoder-1.0.3.tgz#0fc67d7c141825de94282dd536bec6b9bce860ab"
  dependencies:
    safe-buffer "~5.1.0"

tinycolor@0.x:
  version "0.0.1"
  resolved "https://registry.yarnpkg.com/tinycolor/-/tinycolor-0.0.1.tgz#320b5a52d83abb5978d81a3e887d4aefb15a6164"

uglify-js@1.2.5:
  version "1.2.5"
  resolved "https://registry.yarnpkg.com/uglify-js/-/uglify-js-1.2.5.tgz#b542c2c76f78efb34b200b20177634330ff702b6"

"unicode@>= 0.3.1":
  version "9.0.1"
  resolved "https://registry.yarnpkg.com/unicode/-/unicode-9.0.1.tgz#104706272c6464c574801be1b086f7245cf25158"

util-deprecate@~1.0.1:
  version "1.0.2"
  resolved "https://registry.yarnpkg.com/util-deprecate/-/util-deprecate-1.0.2.tgz#450d4dc9fa70de732762fbd2d4a28981419a0ccf"

validator@^8.0.0:
  version "8.1.0"
  resolved "https://registry.yarnpkg.com/validator/-/validator-8.1.0.tgz#89cf6b512ff71eba886afd8d10d47f8dc800eac0"

ws@0.4.x:
  version "0.4.32"
  resolved "https://registry.yarnpkg.com/ws/-/ws-0.4.32.tgz#787a6154414f3c99ed83c5772153b20feb0cec32"
  dependencies:
    commander "~2.1.0"
    nan "~1.0.0"
    options ">=0.0.5"
    tinycolor "0.x"

xmlhttprequest@1.4.2:
  version "1.4.2"
  resolved "https://registry.yarnpkg.com/xmlhttprequest/-/xmlhttprequest-1.4.2.tgz#01453a1d9bed1e8f172f6495bbf4c8c426321500"

z-schema@^3.15.3:
  version "3.18.3"
  resolved "https://registry.yarnpkg.com/z-schema/-/z-schema-3.18.3.tgz#45592990891d0342fe20a36823fc44d89ab4d8a2"
  dependencies:
    lodash.get "^4.0.0"
    lodash.isequal "^4.0.0"
    validator "^8.0.0"
  optionalDependencies:
    commander "^2.7.1"

zeparser@0.0.5:
  version "0.0.5"
  resolved "https://registry.yarnpkg.com/zeparser/-/zeparser-0.0.5.tgz#03726561bc268f2e5444f54c665b7fd4a8c029e2"
